// !$*UTF8*$!
{
	archiveVersion = 1;
	classes = {
	};
	objectVersion = 46;
	objects = {

/* Begin PBXBuildFile section */
		9CEFE1611D6B03FB00CB3A89 /* main.m in Sources */ = {isa = PBXBuildFile; fileRef = 9CEFE1601D6B03FB00CB3A89 /* main.m */; };
		9CEFE1641D6B03FB00CB3A89 /* AppDelegate.m in Sources */ = {isa = PBXBuildFile; fileRef = 9CEFE1631D6B03FB00CB3A89 /* AppDelegate.m */; };
		9CEFE16A1D6B03FB00CB3A89 /* Main.storyboard in Resources */ = {isa = PBXBuildFile; fileRef = 9CEFE1681D6B03FB00CB3A89 /* Main.storyboard */; };
		9CEFE16C1D6B03FB00CB3A89 /* Assets.xcassets in Resources */ = {isa = PBXBuildFile; fileRef = 9CEFE16B1D6B03FB00CB3A89 /* Assets.xcassets */; };
		9CEFE16F1D6B03FB00CB3A89 /* LaunchScreen.storyboard in Resources */ = {isa = PBXBuildFile; fileRef = 9CEFE16D1D6B03FB00CB3A89 /* LaunchScreen.storyboard */; };
		9CEFE1781D6B043000CB3A89 /* UIScrollView+HeaderScaleImage.m in Sources */ = {isa = PBXBuildFile; fileRef = 9CEFE1771D6B043000CB3A89 /* UIScrollView+HeaderScaleImage.m */; };
		9CEFE17F1D6B3C5200CB3A89 /* TableViewController.m in Sources */ = {isa = PBXBuildFile; fileRef = 9CEFE17E1D6B3C5200CB3A89 /* TableViewController.m */; };
/* End PBXBuildFile section */

/* Begin PBXFileReference section */
		9CEFE15C1D6B03FB00CB3A89 /* YHPHeaderScaleImage.app */ = {isa = PBXFileReference; explicitFileType = wrapper.application; includeInIndex = 0; path = YHPHeaderScaleImage.app; sourceTree = BUILT_PRODUCTS_DIR; };
		9CEFE1601D6B03FB00CB3A89 /* main.m */ = {isa = PBXFileReference; lastKnownFileType = sourcecode.c.objc; path = main.m; sourceTree = "<group>"; };
		9CEFE1621D6B03FB00CB3A89 /* AppDelegate.h */ = {isa = PBXFileReference; lastKnownFileType = sourcecode.c.h; path = AppDelegate.h; sourceTree = "<group>"; };
		9CEFE1631D6B03FB00CB3A89 /* AppDelegate.m */ = {isa = PBXFileReference; lastKnownFileType = sourcecode.c.objc; path = AppDelegate.m; sourceTree = "<group>"; };
		9CEFE1691D6B03FB00CB3A89 /* Base */ = {isa = PBXFileReference; lastKnownFileType = file.storyboard; name = Base; path = Base.lproj/Main.storyboard; sourceTree = "<group>"; };
		9CEFE16B1D6B03FB00CB3A89 /* Assets.xcassets */ = {isa = PBXFileReference; lastKnownFileType = folder.assetcatalog; path = Assets.xcassets; sourceTree = "<group>"; };
		9CEFE16E1D6B03FB00CB3A89 /* Base */ = {isa = PBXFileReference; lastKnownFileType = file.storyboard; name = Base; path = Base.lproj/LaunchScreen.storyboard; sourceTree = "<group>"; };
		9CEFE1701D6B03FB00CB3A89 /* Info.plist */ = {isa = PBXFileReference; lastKnownFileType = text.plist.xml; path = Info.plist; sourceTree = "<group>"; };
		9CEFE1761D6B043000CB3A89 /* UIScrollView+HeaderScaleImage.h */ = {isa = PBXFileReference; fileEncoding = 4; lastKnownFileType = sourcecode.c.h; path = "UIScrollView+HeaderScaleImage.h"; sourceTree = "<group>"; };
		9CEFE1771D6B043000CB3A89 /* UIScrollView+HeaderScaleImage.m */ = {isa = PBXFileReference; fileEncoding = 4; lastKnownFileType = sourcecode.c.objc; path = "UIScrollView+HeaderScaleImage.m"; sourceTree = "<group>"; };
		9CEFE17D1D6B3C5200CB3A89 /* TableViewController.h */ = {isa = PBXFileReference; fileEncoding = 4; lastKnownFileType = sourcecode.c.h; path = TableViewController.h; sourceTree = "<group>"; };
		9CEFE17E1D6B3C5200CB3A89 /* TableViewController.m */ = {isa = PBXFileReference; fileEncoding = 4; lastKnownFileType = sourcecode.c.objc; path = TableViewController.m; sourceTree = "<group>"; };
/* End PBXFileReference section */

/* Begin PBXFrameworksBuildPhase section */
		9CEFE1591D6B03FB00CB3A89 /* Frameworks */ = {
			isa = PBXFrameworksBuildPhase;
			buildActionMask = 2147483647;
			files = (
			);
			runOnlyForDeploymentPostprocessing = 0;
		};
/* End PBXFrameworksBuildPhase section */

/* Begin PBXGroup section */
		9CEFE1531D6B03FB00CB3A89 = {
			isa = PBXGroup;
			children = (
				9CEFE15E1D6B03FB00CB3A89 /* YHPHeaderScaleImage */,
				9CEFE15D1D6B03FB00CB3A89 /* Products */,
			);
			sourceTree = "<group>";
		};
		9CEFE15D1D6B03FB00CB3A89 /* Products */ = {
			isa = PBXGroup;
			children = (
				9CEFE15C1D6B03FB00CB3A89 /* YHPHeaderScaleImage.app */,
			);
			name = Products;
			sourceTree = "<group>";
		};
		9CEFE15E1D6B03FB00CB3A89 /* YHPHeaderScaleImage */ = {
			isa = PBXGroup;
			children = (
				9CEFE1621D6B03FB00CB3A89 /* AppDelegate.h */,
				9CEFE1631D6B03FB00CB3A89 /* AppDelegate.m */,
				9CEFE17D1D6B3C5200CB3A89 /* TableViewController.h */,
				9CEFE17E1D6B3C5200CB3A89 /* TableViewController.m */,
				9CEFE1761D6B043000CB3A89 /* UIScrollView+HeaderScaleImage.h */,
				9CEFE1771D6B043000CB3A89 /* UIScrollView+HeaderScaleImage.m */,
				9CEFE1681D6B03FB00CB3A89 /* Main.storyboard */,
				9CEFE16B1D6B03FB00CB3A89 /* Assets.xcassets */,
				9CEFE16D1D6B03FB00CB3A89 /* LaunchScreen.storyboard */,
				9CEFE1701D6B03FB00CB3A89 /* Info.plist */,
				9CEFE15F1D6B03FB00CB3A89 /* Supporting Files */,
			);
			path = YHPHeaderScaleImage;
			sourceTree = "<group>";
		};
		9CEFE15F1D6B03FB00CB3A89 /* Supporting Files */ = {
			isa = PBXGroup;
			children = (
				9CEFE1601D6B03FB00CB3A89 /* main.m */,
			);
			name = "Supporting Files";
			sourceTree = "<group>";
		};
/* End PBXGroup section */

/* Begin PBXNativeTarget section */
		9CEFE15B1D6B03FB00CB3A89 /* YHPHeaderScaleImage */ = {
			isa = PBXNativeTarget;
			buildConfigurationList = 9CEFE1731D6B03FB00CB3A89 /* Build configuration list for PBXNativeTarget "YHPHeaderScaleImage" */;
			buildPhases = (
				9CEFE1581D6B03FB00CB3A89 /* Sources */,
				9CEFE1591D6B03FB00CB3A89 /* Frameworks */,
				9CEFE15A1D6B03FB00CB3A89 /* Resources */,
			);
			buildRules = (
			);
			dependencies = (
			);
			name = YHPHeaderScaleImage;
			productName = YHPHeaderScaleImage;
			productReference = 9CEFE15C1D6B03FB00CB3A89 /* YHPHeaderScaleImage.app */;
			productType = "com.apple.product-type.application";
		};
/* End PBXNativeTarget section */

/* Begin PBXProject section */
		9CEFE1541D6B03FB00CB3A89 /* Project object */ = {
			isa = PBXProject;
			attributes = {
				LastUpgradeCheck = 0730;
				ORGANIZATIONNAME = LOVE;
				TargetAttributes = {
					9CEFE15B1D6B03FB00CB3A89 = {
						CreatedOnToolsVersion = 7.3.1;
					};
				};
			};
			buildConfigurationList = 9CEFE1571D6B03FB00CB3A89 /* Build configuration list for PBXProject "YHPHeaderScaleImage" */;
			compatibilityVersion = "Xcode 3.2";
			developmentRegion = English;
			hasScannedForEncodings = 0;
			knownRegions = (
				en,
				Base,
			);
			mainGroup = 9CEFE1531D6B03FB00CB3A89;
			productRefGroup = 9CEFE15D1D6B03FB00CB3A89 /* Products */;
			projectDirPath = "";
			projectRoot = "";
			targets = (
				9CEFE15B1D6B03FB00CB3A89 /* YHPHeaderScaleImage */,
			);
		};
/* End PBXProject section */

/* Begin PBXResourcesBuildPhase section */
		9CEFE15A1D6B03FB00CB3A89 /* Resources */ = {
			isa = PBXResourcesBuildPhase;
			buildActionMask = 2147483647;
			files = (
				9CEFE16F1D6B03FB00CB3A89 /* LaunchScreen.storyboard in Resources */,
				9CEFE16C1D6B03FB00CB3A89 /* Assets.xcassets in Resources */,
				9CEFE16A1D6B03FB00CB3A89 /* Main.storyboard in Resources */,
			);
			runOnlyForDeploymentPostprocessing = 0;
		};
/* End PBXResourcesBuildPhase section */

/* Begin PBXSourcesBuildPhase section */
		9CEFE1581D6B03FB00CB3A89 /* Sources */ = {
			isa = PBXSourcesBuildPhase;
			buildActionMask = 2147483647;
			files = (
				9CEFE1781D6B043000CB3A89 /* UIScrollView+HeaderScaleImage.m in Sources */,
				9CEFE1641D6B03FB00CB3A89 /* AppDelegate.m in Sources */,
				9CEFE17F1D6B3C5200CB3A89 /* TableViewController.m in Sources */,
				9CEFE1611D6B03FB00CB3A89 /* main.m in Sources */,
			);
			runOnlyForDeploymentPostprocessing = 0;
		};
/* End PBXSourcesBuildPhase section */

/* Begin PBXVariantGroup section */
		9CEFE1681D6B03FB00CB3A89 /* Main.storyboard */ = {
			isa = PBXVariantGroup;
			children = (
				9CEFE1691D6B03FB00CB3A89 /* Base */,
			);
			name = Main.storyboard;
			sourceTree = "<group>";
		};
		9CEFE16D1D6B03FB00CB3A89 /* LaunchScreen.storyboard */ = {
			isa = PBXVariantGroup;
			children = (
				9CEFE16E1D6B03FB00CB3A89 /* Base */,
			);
			name = LaunchScreen.storyboard;
			sourceTree = "<group>";
		};
/* End PBXVariantGroup section */

/* Begin XCBuildConfiguration section */
		9CEFE1711D6B03FB00CB3A89 /* Debug */ = {
			isa = XCBuildConfiguration;
			buildSettings = {
				ALWAYS_SEARCH_USER_PATHS = NO;
				CLANG_ANALYZER_NONNULL = YES;
				CLANG_CXX_LANGUAGE_STANDARD = "gnu++0x";
				CLANG_CXX_LIBRARY = "libc++";
				CLANG_ENABLE_MODULES = YES;
				CLANG_ENABLE_OBJC_ARC = YES;
				CLANG_WARN_BOOL_CONVERSION = YES;
				CLANG_WARN_CONSTANT_CONVERSION = YES;
				CLANG_WARN_DIRECT_OBJC_ISA_USAGE = YES_ERROR;
				CLANG_WARN_EMPTY_BODY = YES;
				CLANG_WARN_ENUM_CONVERSION = YES;
				CLANG_WARN_INT_CONVERSION = YES;
				CLANG_WARN_OBJC_ROOT_CLASS = YES_ERROR;
				CLANG_WARN_UNREACHABLE_CODE = YES;
				CLANG_WARN__DUPLICATE_METHOD_MATCH = YES;
				"CODE_SIGN_IDENTITY[sdk=iphoneos*]" = "iPhone Developer";
				COPY_PHASE_STRIP = NO;
				DEBUG_INFORMATION_FORMAT = dwarf;
				ENABLE_STRICT_OBJC_MSGSEND = YES;
				ENABLE_TESTABILITY = YES;
				GCC_C_LANGUAGE_STANDARD = gnu99;
				GCC_DYNAMIC_NO_PIC = NO;
				GCC_NO_COMMON_BLOCKS = YES;
				GCC_OPTIMIZATION_LEVEL = 0;
				GCC_PREPROCESSOR_DEFINITIONS = (
					"DEBUG=1",
					"$(inherited)",
				);
				GCC_WARN_64_TO_32_BIT_CONVERSION = YES;
				GCC_WARN_ABOUT_RETURN_TYPE = YES_ERROR;
				GCC_WARN_UNDECLARED_SELECTOR = YES;
				GCC_WARN_UNINITIALIZED_AUTOS = YES_AGGRESSIVE;
				GCC_WARN_UNUSED_FUNCTION = YES;
				GCC_WARN_UNUSED_VARIABLE = YES;
				IPHONEOS_DEPLOYMENT_TARGET = 9.3;
				MTL_ENABLE_DEBUG_INFO = YES;
				ONLY_ACTIVE_ARCH = YES;
				SDKROOT = iphoneos;
				TARGETED_DEVICE_FAMILY = "1,2";
			};
			name = Debug;
		};
		9CEFE1721D6B03FB00CB3A89 /* Release */ = {
			isa = XCBuildConfiguration;
			buildSettings = {
				ALWAYS_SEARCH_USER_PATHS = NO;
				CLANG_ANALYZER_NONNULL = YES;
				CLANG_CXX_LANGUAGE_STANDARD = "gnu++0x";
				CLANG_CXX_LIBRARY = "libc++";
				CLANG_ENABLE_MODULES = YES;
				CLANG_ENABLE_OBJC_ARC = YES;
				CLANG_WARN_BOOL_CONVERSION = YES;
				CLANG_WARN_CONSTANT_CONVERSION = YES;
				CLANG_WARN_DIRECT_OBJC_ISA_USAGE = YES_ERROR;
				CLANG_WARN_EMPTY_BODY = YES;
				CLANG_WARN_ENUM_CONVERSION = YES;
				CLANG_WARN_INT_CONVERSION = YES;
				CLANG_WARN_OBJC_ROOT_CLASS = YES_ERROR;
				CLANG_WARN_UNREACHABLE_CODE = YES;
				CLANG_WARN__DUPLICATE_METHOD_MATCH = YES;
				"CODE_SIGN_IDENTITY[sdk=iphoneos*]" = "iPhone Developer";
				COPY_PHASE_STRIP = NO;
				DEBUG_INFORMATION_FORMAT = "dwarf-with-dsym";
				ENABLE_NS_ASSERTIONS = NO;
				ENABLE_STRICT_OBJC_MSGSEND = YES;
				GCC_C_LANGUAGE_STANDARD = gnu99;
				GCC_NO_COMMON_BLOCKS = YES;
				GCC_WARN_64_TO_32_BIT_CONVERSION = YES;
				GCC_WARN_ABOUT_RETURN_TYPE = YES_ERROR;
				GCC_WARN_UNDECLARED_SELECTOR = YES;
				GCC_WARN_UNINITIALIZED_AUTOS = YES_AGGRESSIVE;
				GCC_WARN_UNUSED_FUNCTION = YES;
				GCC_WARN_UNUSED_VARIABLE = YES;
				IPHONEOS_DEPLOYMENT_TARGET = 9.3;
				MTL_ENABLE_DEBUG_INFO = NO;
				SDKROOT = iphoneos;
				TARGETED_DEVICE_FAMILY = "1,2";
				VALIDATE_PRODUCT = YES;
			};
			name = Release;
		};
		9CEFE1741D6B03FB00CB3A89 /* Debug */ = {
			isa = XCBuildConfiguration;
			buildSettings = {
				ASSETCATALOG_COMPILER_APPICON_NAME = AppIcon;
				ENABLE_STRICT_OBJC_MSGSEND = NO;
				INFOPLIST_FILE = YHPHeaderScaleImage/Info.plist;
				IPHONEOS_DEPLOYMENT_TARGET = 8.0;
				LD_RUNPATH_SEARCH_PATHS = "$(inherited) @executable_path/Frameworks";
				PRODUCT_BUNDLE_IDENTIFIER = huahua.YHPHeaderScaleImage;
				PRODUCT_NAME = "$(TARGET_NAME)";
			};
			name = Debug;
		};
		9CEFE1751D6B03FB00CB3A89 /* Release */ = {
			isa = XCBuildConfiguration;
			buildSettings = {
				ASSETCATALOG_COMPILER_APPICON_NAME = AppIcon;
				ENABLE_STRICT_OBJC_MSGSEND = NO;
				INFOPLIST_FILE = YHPHeaderScaleImage/Info.plist;
				IPHONEOS_DEPLOYMENT_TARGET = 8.0;
				LD_RUNPATH_SEARCH_PATHS = "$(inherited) @executable_path/Frameworks";
				PRODUCT_BUNDLE_IDENTIFIER = huahua.YHPHeaderScaleImage;
				PRODUCT_NAME = "$(TARGET_NAME)";
			};
			name = Release;
		};
/* End XCBuildConfiguration section */

/* Begin XCConfigurationList section */
		9CEFE1571D6B03FB00CB3A89 /* Build configuration list for PBXProject "YHPHeaderScaleImage" */ = {
			isa = XCConfigurationList;
			buildConfigurations = (
				9CEFE1711D6B03FB00CB3A89 /* Debug */,
				9CEFE1721D6B03FB00CB3A89 /* Release */,
			);
			defaultConfigurationIsVisible = 0;
			defaultConfigurationName = Release;
		};
		9CEFE1731D6B03FB00CB3A89 /* Build configuration list for PBXNativeTarget "YHPHeaderScaleImage" */ = {
			isa = XCConfigurationList;
			buildConfigurations = (
				9CEFE1741D6B03FB00CB3A89 /* Debug */,
				9CEFE1751D6B03FB00CB3A89 /* Release */,
			);
			defaultConfigurationIsVisible = 0;
			defaultConfigurationName = Release;
		};
/* End XCConfigurationList section */
	};
	rootObject = 9CEFE1541D6B03FB00CB3A89 /* Project object */;
}
